{
  "name": "firebase-object",
  "version": "1.0.0",
  "lockfileVersion": 1,
  "requires": true,
  "dependencies": {
    "angularfire2": {
      "version": "5.0.0-rc.11",
      "resolved": "https://registry.npmjs.org/angularfire2/-/angularfire2-5.0.0-rc.11.tgz",
      "integrity": "sha512-Jr6uEquMRuJSgYTw8YxNkDwpkvg2CDJtLlQD0AdMXYoUAwcgsIE4ar7qatIJ2/fwX12TO+oPooCyr0G4GjdwXQ=="
    },
    "simple-async-block": {
      "version": "1.0.3",
      "resolved": "https://registry.npmjs.org/simple-async-block/-/simple-async-block-1.0.3.tgz",
      "integrity": "sha512-Il5JxbI6CjoGfhYFfB6c8wEdNRrGet1hhvW65dwpsRHjUs5SFXDpnxVbYNBLmvjXgWYfEV2BUTubN97GluW2BA=="
    }
  }
}
